{
  "name": "home",
  "version": "1.0.0",
  "lockfileVersion": 3,
  "requires": true,
  "packages": {
    "": {
      "name": "home",
      "version": "1.0.0",
      "hasInstallScript": true,
      "license": "ISC",
      "dependencies": {
        "@pulumi/adguard": "file:../../sdks/adguard",
        "@pulumi/authentik": "file:../../sdks/authentik",
        "@pulumi/b2": "file:../../sdks/b2",
        "@pulumi/unifi": "file:../../sdks/unifi",
        "@pulumi/uptimekuma": "file:../../sdks/uptimekuma"
      },
      "devDependencies": {}
    },
    "../../sdks/adguard": {
      "name": "@pulumi/adguard",
      "version": "1.6.2",
      "hasInstallScript": true,
      "dependencies": {
        "@pulumi/pulumi": "^3.142.0",
        "@types/node": "^18",
        "async-mutex": "^0.5.0",
        "typescript": "^4.3.5"
      }
    },
    "../../sdks/authentik": {
      "name": "@pulumi/authentik",
      "version": "2025.8.1",
      "hasInstallScript": true,
      "dependencies": {
        "@pulumi/pulumi": "^3.142.0",
        "@types/node": "^18",
        "async-mutex": "^0.5.0",
        "typescript": "^4.3.5"
      }
    },
    "../../sdks/b2": {
      "name": "@pulumi/b2",
      "version": "0.10.0",
      "hasInstallScript": true,
      "dependencies": {
        "@pulumi/pulumi": "^3.142.0",
        "@types/node": "^18",
        "async-mutex": "^0.5.0",
        "typescript": "^4.3.5"
      }
    },
    "../../sdks/unifi": {
      "name": "@pulumi/unifi",
      "version": "1.0.0",
      "hasInstallScript": true,
      "dependencies": {
        "@pulumi/pulumi": "^3.142.0",
        "@types/node": "^18",
        "async-mutex": "^0.5.0",
        "typescript": "^4.3.5"
      }
    },
    "../../sdks/uptimekuma": {
      "name": "@pulumi/uptimekuma",
      "version": "0.0.12",
      "hasInstallScript": true,
      "dependencies": {
        "@pulumi/pulumi": "^3.142.0",
        "@types/node": "^18",
        "async-mutex": "^0.5.0",
        "typescript": "^4.3.5"
      }
    },
    "node_modules/@pulumi/adguard": {
      "resolved": "../../sdks/adguard",
      "link": true
    },
    "node_modules/@pulumi/authentik": {
      "resolved": "../../sdks/authentik",
      "link": true
    },
    "node_modules/@pulumi/b2": {
      "resolved": "../../sdks/b2",
      "link": true
    },
    "node_modules/@pulumi/unifi": {
      "resolved": "../../sdks/unifi",
      "link": true
    },
    "node_modules/@pulumi/uptimekuma": {
      "resolved": "../../sdks/uptimekuma",
      "link": true
    }
  }
}
