# @generated - this file is auto-generated by `mise lock` https://mise.jdx.dev/dev-tools/mise-lock.html

[[tools.age]]
version = "1.3.2"
backend = "aqua:FiloSottile/age"

[tools.age."platforms.linux-arm64"]
checksum = "sha256:6b8dc4333c53a5a57c9e5834e3a48f92605d7154014cd07269ff3327db5d37f4"
url = "https://github.com/FiloSottile/age/releases/download/v1.3.2/age-v1.3.2-linux-arm64.tar.gz"
url_api = "https://api.github.com/repos/FiloSottile/age/releases/assets/535541932"
provenance = "github-attestations"

[tools.age."platforms.linux-arm64-musl"]
checksum = "sha256:6b8dc4333c53a5a57c9e5834e3a48f92605d7154014cd07269ff3327db5d37f4"
url = "https://github.com/FiloSottile/age/releases/download/v1.3.2/age-v1.3.2-linux-arm64.tar.gz"
url_api = "https://api.github.com/repos/FiloSottile/age/releases/assets/535541932"
provenance = "github-attestations"

[tools.age."platforms.linux-x64"]
checksum = "sha256:cbe24006683f8eb669266162894b9a522a1af52f2665fbc63a4bb032ed26ac10"
url = "https://github.com/FiloSottile/age/releases/download/v1.3.2/age-v1.3.2-linux-amd64.tar.gz"
url_api = "https://api.github.com/repos/FiloSottile/age/releases/assets/535541903"
provenance = "github-attestations"

[tools.age."platforms.linux-x64-baseline"]
checksum = "sha256:cbe24006683f8eb669266162894b9a522a1af52f2665fbc63a4bb032ed26ac10"
url = "https://github.com/FiloSottile/age/releases/download/v1.3.2/age-v1.3.2-linux-amd64.tar.gz"
url_api = "https://api.github.com/repos/FiloSottile/age/releases/assets/535541903"
provenance = "github-attestations"

[tools.age."platforms.linux-x64-musl"]
checksum = "sha256:cbe24006683f8eb669266162894b9a522a1af52f2665fbc63a4bb032ed26ac10"
url = "https://github.com/FiloSottile/age/releases/download/v1.3.2/age-v1.3.2-linux-amd64.tar.gz"
url_api = "https://api.github.com/repos/FiloSottile/age/releases/assets/535541903"
provenance = "github-attestations"

[tools.age."platforms.linux-x64-musl-baseline"]
checksum = "sha256:cbe24006683f8eb669266162894b9a522a1af52f2665fbc63a4bb032ed26ac10"
url = "https://github.com/FiloSottile/age/releases/download/v1.3.2/age-v1.3.2-linux-amd64.tar.gz"
url_api = "https://api.github.com/repos/FiloSottile/age/releases/assets/535541903"
provenance = "github-attestations"

[tools.age."platforms.macos-arm64"]
checksum = "sha256:e2020b073c44f692685a24d6abc378817eb81ffaaf49fd0531ef8565f767f2f5"
url = "https://github.com/FiloSottile/age/releases/download/v1.3.2/age-v1.3.2-darwin-arm64.tar.gz"
url_api = "https://api.github.com/repos/FiloSottile/age/releases/assets/535541897"
provenance = "github-attestations"

[tools.age."platforms.macos-x64"]
checksum = "sha256:1d1e4bc66e1427edad7739ae7616157de0e79db8b6d2a1497d7d9925fb06a539"
url = "https://github.com/FiloSottile/age/releases/download/v1.3.2/age-v1.3.2-darwin-amd64.tar.gz"
url_api = "https://api.github.com/repos/FiloSottile/age/releases/assets/535541887"
provenance = "github-attestations"

[tools.age."platforms.macos-x64-baseline"]
checksum = "sha256:1d1e4bc66e1427edad7739ae7616157de0e79db8b6d2a1497d7d9925fb06a539"
url = "https://github.com/FiloSottile/age/releases/download/v1.3.2/age-v1.3.2-darwin-amd64.tar.gz"
url_api = "https://api.github.com/repos/FiloSottile/age/releases/assets/535541887"
provenance = "github-attestations"

[tools.age."platforms.windows-x64"]
checksum = "sha256:f48d8f8f9ebe903ab5027ed067652f2cc1db94bc206976430133b905dcd8e8c7"
url = "https://github.com/FiloSottile/age/releases/download/v1.3.2/age-v1.3.2-windows-amd64.zip"
url_api = "https://api.github.com/repos/FiloSottile/age/releases/assets/535541937"
provenance = "github-attestations"

[tools.age."platforms.windows-x64-baseline"]
checksum = "sha256:f48d8f8f9ebe903ab5027ed067652f2cc1db94bc206976430133b905dcd8e8c7"
url = "https://github.com/FiloSottile/age/releases/download/v1.3.2/age-v1.3.2-windows-amd64.zip"
url_api = "https://api.github.com/repos/FiloSottile/age/releases/assets/535541937"
provenance = "github-attestations"

[[tools.bun]]
version = "1.3.14"
backend = "core:bun"

[tools.bun."platforms.linux-arm64"]
checksum = "sha256:a27ffb63a8310375836e0d6f668ae17fa8d8d18b88c37c821c65331973a19a3b"
url = "https://github.com/oven-sh/bun/releases/download/bun-v1.3.14/bun-linux-aarch64.zip"

[tools.bun."platforms.linux-arm64-musl"]
checksum = "sha256:b98e0ad3625c5c00d1d5b5ff55605c7adddbfae151861e68ade57b2d3b8703bb"
url = "https://github.com/oven-sh/bun/releases/download/bun-v1.3.14/bun-linux-aarch64-musl.zip"

[tools.bun."platforms.linux-x64"]
checksum = "sha256:951ee2aee855f08595aeec6225226a298d3fea83a3dcd6465c09cbccdf7e848f"
url = "https://github.com/oven-sh/bun/releases/download/bun-v1.3.14/bun-linux-x64.zip"

[tools.bun."platforms.linux-x64-baseline"]
checksum = "sha256:a063908ae08b7852ca10939bbdc6ceed3ddabce8fb9402dce83d65d73b36e6c7"
url = "https://github.com/oven-sh/bun/releases/download/bun-v1.3.14/bun-linux-x64-baseline.zip"

[tools.bun."platforms.linux-x64-musl"]
checksum = "sha256:14bd9aedeebf1dba67e8def9531c89bc989ecfdf1de42e5bfcaf1b8cd9294719"
url = "https://github.com/oven-sh/bun/releases/download/bun-v1.3.14/bun-linux-x64-musl.zip"

[tools.bun."platforms.linux-x64-musl-baseline"]
checksum = "sha256:56a7d6806cf155536c0178f0ea5fbd098e684fa509ebdb4fc0a7e19fb65382dc"
url = "https://github.com/oven-sh/bun/releases/download/bun-v1.3.14/bun-linux-x64-musl-baseline.zip"

[tools.bun."platforms.macos-arm64"]
checksum = "sha256:d8b96221828ad6f97ac7ac0ab7e95872341af763001e8803e8267652c2652620"
url = "https://github.com/oven-sh/bun/releases/download/bun-v1.3.14/bun-darwin-aarch64.zip"

[tools.bun."platforms.macos-x64"]
checksum = "sha256:4183df3374623e5bab315c547cfa0974533cd457d86b73b639f7a87974cd6633"
url = "https://github.com/oven-sh/bun/releases/download/bun-v1.3.14/bun-darwin-x64.zip"

[tools.bun."platforms.macos-x64-baseline"]
checksum = "sha256:3e35ad6f53971a9834bf9e6786e2adf72b5f1921cc9a9c5fde073d2972944076"
url = "https://github.com/oven-sh/bun/releases/download/bun-v1.3.14/bun-darwin-x64-baseline.zip"

[tools.bun."platforms.windows-x64"]
checksum = "sha256:0a0620930b6675d7ba440e81f4e0e00d3cfbe096c4b140d3fff02205e9e18922"
url = "https://github.com/oven-sh/bun/releases/download/bun-v1.3.14/bun-windows-x64.zip"

[tools.bun."platforms.windows-x64-baseline"]
checksum = "sha256:538f9c846355d9e847b2671bc00c47da4229a0befb24df3282b739770f3b475f"
url = "https://github.com/oven-sh/bun/releases/download/bun-v1.3.14/bun-windows-x64-baseline.zip"

[[tools.gh]]
version = "2.98.0"
backend = "aqua:cli/cli"

[tools.gh."platforms.linux-arm64"]
checksum = "sha256:cf689084f3a3618f7eae4a2420d335d74626d65f5e594b9828d125d69f800d86"
url = "https://github.com/cli/cli/releases/download/v2.98.0/gh_2.98.0_linux_arm64.tar.gz"
url_api = "https://api.github.com/repos/cli/cli/releases/assets/522857902"
provenance = "github-attestations"

[tools.gh."platforms.linux-arm64-musl"]
checksum = "sha256:cf689084f3a3618f7eae4a2420d335d74626d65f5e594b9828d125d69f800d86"
url = "https://github.com/cli/cli/releases/download/v2.98.0/gh_2.98.0_linux_arm64.tar.gz"
url_api = "https://api.github.com/repos/cli/cli/releases/assets/522857902"
provenance = "github-attestations"

[tools.gh."platforms.linux-x64"]
checksum = "sha256:3b8ac6b30336802fc1a858d7c084e11cdf24ac1a761ca90b68022d7d729208de"
url = "https://github.com/cli/cli/releases/download/v2.98.0/gh_2.98.0_linux_amd64.tar.gz"
url_api = "https://api.github.com/repos/cli/cli/releases/assets/522857901"
provenance = "github-attestations"

[tools.gh."platforms.linux-x64-baseline"]
checksum = "sha256:3b8ac6b30336802fc1a858d7c084e11cdf24ac1a761ca90b68022d7d729208de"
url = "https://github.com/cli/cli/releases/download/v2.98.0/gh_2.98.0_linux_amd64.tar.gz"
url_api = "https://api.github.com/repos/cli/cli/releases/assets/522857901"
provenance = "github-attestations"

[tools.gh."platforms.linux-x64-musl"]
checksum = "sha256:3b8ac6b30336802fc1a858d7c084e11cdf24ac1a761ca90b68022d7d729208de"
url = "https://github.com/cli/cli/releases/download/v2.98.0/gh_2.98.0_linux_amd64.tar.gz"
url_api = "https://api.github.com/repos/cli/cli/releases/assets/522857901"
provenance = "github-attestations"

[tools.gh."platforms.linux-x64-musl-baseline"]
checksum = "sha256:3b8ac6b30336802fc1a858d7c084e11cdf24ac1a761ca90b68022d7d729208de"
url = "https://github.com/cli/cli/releases/download/v2.98.0/gh_2.98.0_linux_amd64.tar.gz"
url_api = "https://api.github.com/repos/cli/cli/releases/assets/522857901"
provenance = "github-attestations"

[tools.gh."platforms.macos-arm64"]
checksum = "sha256:8cfb027cc5310675f2b830eac8f9865c1155a45ffcf9757f699fdd5a22046ca4"
url = "https://github.com/cli/cli/releases/download/v2.98.0/gh_2.98.0_macOS_arm64.zip"
url_api = "https://api.github.com/repos/cli/cli/releases/assets/522857972"
provenance = "github-attestations"

[tools.gh."platforms.macos-x64"]
checksum = "sha256:734c7bbd0bc56a3974500ee9aea74d60f0e5b89be09e92b9d9148939a3a1e0e6"
url = "https://github.com/cli/cli/releases/download/v2.98.0/gh_2.98.0_macOS_amd64.zip"
url_api = "https://api.github.com/repos/cli/cli/releases/assets/522857971"
provenance = "github-attestations"

[tools.gh."platforms.macos-x64-baseline"]
checksum = "sha256:734c7bbd0bc56a3974500ee9aea74d60f0e5b89be09e92b9d9148939a3a1e0e6"
url = "https://github.com/cli/cli/releases/download/v2.98.0/gh_2.98.0_macOS_amd64.zip"
url_api = "https://api.github.com/repos/cli/cli/releases/assets/522857971"
provenance = "github-attestations"

[tools.gh."platforms.windows-x64"]
checksum = "sha256:c28c7b3b584967a05b74d9eaf7481bff24ddc34930bf2d6e442c148236561eb1"
url = "https://github.com/cli/cli/releases/download/v2.98.0/gh_2.98.0_windows_amd64.zip"
url_api = "https://api.github.com/repos/cli/cli/releases/assets/522857996"
provenance = "github-attestations"

[tools.gh."platforms.windows-x64-baseline"]
checksum = "sha256:c28c7b3b584967a05b74d9eaf7481bff24ddc34930bf2d6e442c148236561eb1"
url = "https://github.com/cli/cli/releases/download/v2.98.0/gh_2.98.0_windows_amd64.zip"
url_api = "https://api.github.com/repos/cli/cli/releases/assets/522857996"
provenance = "github-attestations"

[[tools.jq]]
version = "1.8.2"
backend = "aqua:jqlang/jq"

[tools.jq."platforms.linux-arm64"]
checksum = "sha256:8b85c817833814ddca00a144c33705546355afccf0cf39b188f3cdb48b852309"
url = "https://github.com/jqlang/jq/releases/download/jq-1.8.2/jq-linux-arm64"
url_api = "https://api.github.com/repos/jqlang/jq/releases/assets/453012756"
provenance = "github-attestations"

[tools.jq."platforms.linux-arm64-musl"]
checksum = "sha256:8b85c817833814ddca00a144c33705546355afccf0cf39b188f3cdb48b852309"
url = "https://github.com/jqlang/jq/releases/download/jq-1.8.2/jq-linux-arm64"
url_api = "https://api.github.com/repos/jqlang/jq/releases/assets/453012756"
provenance = "github-attestations"

[tools.jq."platforms.linux-x64"]
checksum = "sha256:b1c22172dd303f3be49e935aa56aa48a8b7a46e0bc838b4997d3bb451495870f"
url = "https://github.com/jqlang/jq/releases/download/jq-1.8.2/jq-linux-amd64"
url_api = "https://api.github.com/repos/jqlang/jq/releases/assets/453012752"
provenance = "github-attestations"

[tools.jq."platforms.linux-x64-baseline"]
checksum = "sha256:b1c22172dd303f3be49e935aa56aa48a8b7a46e0bc838b4997d3bb451495870f"
url = "https://github.com/jqlang/jq/releases/download/jq-1.8.2/jq-linux-amd64"
url_api = "https://api.github.com/repos/jqlang/jq/releases/assets/453012752"
provenance = "github-attestations"

[tools.jq."platforms.linux-x64-musl"]
checksum = "sha256:b1c22172dd303f3be49e935aa56aa48a8b7a46e0bc838b4997d3bb451495870f"
url = "https://github.com/jqlang/jq/releases/download/jq-1.8.2/jq-linux-amd64"
url_api = "https://api.github.com/repos/jqlang/jq/releases/assets/453012752"
provenance = "github-attestations"

[tools.jq."platforms.linux-x64-musl-baseline"]
checksum = "sha256:b1c22172dd303f3be49e935aa56aa48a8b7a46e0bc838b4997d3bb451495870f"
url = "https://github.com/jqlang/jq/releases/download/jq-1.8.2/jq-linux-amd64"
url_api = "https://api.github.com/repos/jqlang/jq/releases/assets/453012752"
provenance = "github-attestations"

[tools.jq."platforms.macos-arm64"]
checksum = "sha256:2d75340ba57a4b4b4c8708a21c2dc8e958a48aaa8bba13b27f77f6e4c0eca07e"
url = "https://github.com/jqlang/jq/releases/download/jq-1.8.2/jq-macos-arm64"
url_api = "https://api.github.com/repos/jqlang/jq/releases/assets/453012783"
provenance = "github-attestations"

[tools.jq."platforms.macos-x64"]
checksum = "sha256:e94b266e3c26690550006abe63152b782280f4e14374accdf04cbde844f00bc0"
url = "https://github.com/jqlang/jq/releases/download/jq-1.8.2/jq-macos-amd64"
url_api = "https://api.github.com/repos/jqlang/jq/releases/assets/453012782"
provenance = "github-attestations"

[tools.jq."platforms.macos-x64-baseline"]
checksum = "sha256:e94b266e3c26690550006abe63152b782280f4e14374accdf04cbde844f00bc0"
url = "https://github.com/jqlang/jq/releases/download/jq-1.8.2/jq-macos-amd64"
url_api = "https://api.github.com/repos/jqlang/jq/releases/assets/453012782"
provenance = "github-attestations"

[tools.jq."platforms.windows-x64"]
checksum = "sha256:a6fc67fedaf9128a3309a1e2ebb8b986aeccf70122ee46d2cb4849e423f0c627"
url = "https://github.com/jqlang/jq/releases/download/jq-1.8.2/jq-windows-amd64.exe"
url_api = "https://api.github.com/repos/jqlang/jq/releases/assets/453012788"
provenance = "github-attestations"

[tools.jq."platforms.windows-x64-baseline"]
checksum = "sha256:a6fc67fedaf9128a3309a1e2ebb8b986aeccf70122ee46d2cb4849e423f0c627"
url = "https://github.com/jqlang/jq/releases/download/jq-1.8.2/jq-windows-amd64.exe"
url_api = "https://api.github.com/repos/jqlang/jq/releases/assets/453012788"
provenance = "github-attestations"

[[tools.kubectl]]
version = "1.37.0"
backend = "aqua:kubernetes/kubernetes/kubectl"

[tools.kubectl."platforms.linux-arm64"]
checksum = "sha256:922df28df248cc00a9e025f947704f1d1482de64ece54cfe57e61f19eaf1eef3"
url = "https://dl.k8s.io/v1.37.0/bin/linux/arm64/kubectl"

[tools.kubectl."platforms.linux-arm64-musl"]
checksum = "sha256:922df28df248cc00a9e025f947704f1d1482de64ece54cfe57e61f19eaf1eef3"
url = "https://dl.k8s.io/v1.37.0/bin/linux/arm64/kubectl"

[tools.kubectl."platforms.linux-x64"]
checksum = "sha256:6129359f4e1f3848a5572ccb0b26cf28b8ca08cef38c95a765b2f64a2c961a2f"
url = "https://dl.k8s.io/v1.37.0/bin/linux/amd64/kubectl"

[tools.kubectl."platforms.linux-x64-baseline"]
checksum = "sha256:6129359f4e1f3848a5572ccb0b26cf28b8ca08cef38c95a765b2f64a2c961a2f"
url = "https://dl.k8s.io/v1.37.0/bin/linux/amd64/kubectl"

[tools.kubectl."platforms.linux-x64-musl"]
checksum = "sha256:6129359f4e1f3848a5572ccb0b26cf28b8ca08cef38c95a765b2f64a2c961a2f"
url = "https://dl.k8s.io/v1.37.0/bin/linux/amd64/kubectl"

[tools.kubectl."platforms.linux-x64-musl-baseline"]
checksum = "sha256:6129359f4e1f3848a5572ccb0b26cf28b8ca08cef38c95a765b2f64a2c961a2f"
url = "https://dl.k8s.io/v1.37.0/bin/linux/amd64/kubectl"

[tools.kubectl."platforms.macos-arm64"]
checksum = "sha256:583beedaebe422e71d3f1a96acef8b1fef86ea2f09a45ad01aa6c9ce287c1380"
url = "https://dl.k8s.io/v1.37.0/bin/darwin/arm64/kubectl"

[tools.kubectl."platforms.macos-x64"]
checksum = "sha256:d5276c0f4fde77fc446070290f345944a7f1fda153df6b960e5fde93b7a9bccd"
url = "https://dl.k8s.io/v1.37.0/bin/darwin/amd64/kubectl"

[tools.kubectl."platforms.macos-x64-baseline"]
checksum = "sha256:d5276c0f4fde77fc446070290f345944a7f1fda153df6b960e5fde93b7a9bccd"
url = "https://dl.k8s.io/v1.37.0/bin/darwin/amd64/kubectl"

[tools.kubectl."platforms.windows-x64"]
checksum = "sha256:4721b614a67bb4932a0369e61f4a323d8c6ca00943d3a2ff14837c124da06f0e"
url = "https://dl.k8s.io/v1.37.0/bin/windows/amd64/kubectl.exe"

[tools.kubectl."platforms.windows-x64-baseline"]
checksum = "sha256:4721b614a67bb4932a0369e61f4a323d8c6ca00943d3a2ff14837c124da06f0e"
url = "https://dl.k8s.io/v1.37.0/bin/windows/amd64/kubectl.exe"

[[tools.node]]
version = "24.20.0"
backend = "core:node"

[tools.node."platforms.linux-arm64"]
checksum = "sha256:3515603e2487879a39bc75716f1a2affd027500c64ba50e845cf72cb33219013"
url = "https://nodejs.org/dist/v24.20.0/node-v24.20.0-linux-arm64.tar.gz"

[tools.node."platforms.linux-arm64-musl"]
checksum = "sha256:2c8c507ccb0f20812d9526ba8ca454b1652aadef68fc8bad06f07fb1122dd1ef"
url = "https://unofficial-builds.nodejs.org/download/release/v24.20.0/node-v24.20.0-linux-arm64-musl.tar.gz"

[tools.node."platforms.linux-x64"]
checksum = "sha256:855d581f8a4eb1a8117e3426de25fe02770592febcfb31369aee1ffbfee9e8ec"
url = "https://nodejs.org/dist/v24.20.0/node-v24.20.0-linux-x64.tar.gz"

[tools.node."platforms.linux-x64-baseline"]
checksum = "sha256:855d581f8a4eb1a8117e3426de25fe02770592febcfb31369aee1ffbfee9e8ec"
url = "https://nodejs.org/dist/v24.20.0/node-v24.20.0-linux-x64.tar.gz"

[tools.node."platforms.linux-x64-musl"]
checksum = "sha256:9ae1399fef4bd8990e15773ce1327b336a20b9e97d8c7549f4f42ca73c43f562"
url = "https://unofficial-builds.nodejs.org/download/release/v24.20.0/node-v24.20.0-linux-x64-musl.tar.gz"

[tools.node."platforms.linux-x64-musl-baseline"]
checksum = "sha256:9ae1399fef4bd8990e15773ce1327b336a20b9e97d8c7549f4f42ca73c43f562"
url = "https://unofficial-builds.nodejs.org/download/release/v24.20.0/node-v24.20.0-linux-x64-musl.tar.gz"

[tools.node."platforms.macos-arm64"]
checksum = "sha256:40e5607e5ecb3db9192723776da2d75d966260fc74a7a9e731c1bd67dda96bc8"
url = "https://nodejs.org/dist/v24.20.0/node-v24.20.0-darwin-arm64.tar.gz"

[tools.node."platforms.macos-x64"]
checksum = "sha256:9e5b2644cf107befb6aefca676b96d3296bc10138096f022ed378d6233ed81f4"
url = "https://nodejs.org/dist/v24.20.0/node-v24.20.0-darwin-x64.tar.gz"

[tools.node."platforms.macos-x64-baseline"]
checksum = "sha256:9e5b2644cf107befb6aefca676b96d3296bc10138096f022ed378d6233ed81f4"
url = "https://nodejs.org/dist/v24.20.0/node-v24.20.0-darwin-x64.tar.gz"

[tools.node."platforms.windows-x64"]
checksum = "sha256:6cac9ffbca8f6a47091e4b5c772e0606049c3871cb67d900c0cedde630e545ba"
url = "https://nodejs.org/dist/v24.20.0/node-v24.20.0-win-x64.zip"

[tools.node."platforms.windows-x64-baseline"]
checksum = "sha256:6cac9ffbca8f6a47091e4b5c772e0606049c3871cb67d900c0cedde630e545ba"
url = "https://nodejs.org/dist/v24.20.0/node-v24.20.0-win-x64.zip"

[[tools."npm:@anthropic-ai/claude-code"]]
version = "2.1.251"
backend = "npm:@anthropic-ai/claude-code"

[tools."npm:@anthropic-ai/claude-code".options]
allow_builds = "true"

[[tools."npm:@gbasin/agentboard"]]
version = "0.4.23"
backend = "npm:@gbasin/agentboard"

[[tools.pulumi]]
version = "3.260.0"
backend = "aqua:pulumi/pulumi"

[tools.pulumi."platforms.linux-arm64"]
checksum = "sha256:1e7176d55274be10778b5ec7ebb0ae24be4061ad78e9ebfd0e9c1d874927617a"
url = "https://github.com/pulumi/pulumi/releases/download/v3.260.0/pulumi-v3.260.0-linux-arm64.tar.gz"
url_api = "https://api.github.com/repos/pulumi/pulumi/releases/assets/533636891"
provenance = "cosign"

[tools.pulumi."platforms.linux-arm64-musl"]
checksum = "sha256:1e7176d55274be10778b5ec7ebb0ae24be4061ad78e9ebfd0e9c1d874927617a"
url = "https://github.com/pulumi/pulumi/releases/download/v3.260.0/pulumi-v3.260.0-linux-arm64.tar.gz"
url_api = "https://api.github.com/repos/pulumi/pulumi/releases/assets/533636891"
provenance = "cosign"

[tools.pulumi."platforms.linux-x64"]
checksum = "sha256:d7b2936f986e82fd5fa2025bafe27f74d4a50cb6ba6785a16884fd5f270453fe"
url = "https://github.com/pulumi/pulumi/releases/download/v3.260.0/pulumi-v3.260.0-linux-x64.tar.gz"
url_api = "https://api.github.com/repos/pulumi/pulumi/releases/assets/533637008"
provenance = "cosign"

[tools.pulumi."platforms.linux-x64-baseline"]
checksum = "sha256:d7b2936f986e82fd5fa2025bafe27f74d4a50cb6ba6785a16884fd5f270453fe"
url = "https://github.com/pulumi/pulumi/releases/download/v3.260.0/pulumi-v3.260.0-linux-x64.tar.gz"
url_api = "https://api.github.com/repos/pulumi/pulumi/releases/assets/533637008"
provenance = "cosign"

[tools.pulumi."platforms.linux-x64-musl"]
checksum = "sha256:d7b2936f986e82fd5fa2025bafe27f74d4a50cb6ba6785a16884fd5f270453fe"
url = "https://github.com/pulumi/pulumi/releases/download/v3.260.0/pulumi-v3.260.0-linux-x64.tar.gz"
url_api = "https://api.github.com/repos/pulumi/pulumi/releases/assets/533637008"
provenance = "cosign"

[tools.pulumi."platforms.linux-x64-musl-baseline"]
checksum = "sha256:d7b2936f986e82fd5fa2025bafe27f74d4a50cb6ba6785a16884fd5f270453fe"
url = "https://github.com/pulumi/pulumi/releases/download/v3.260.0/pulumi-v3.260.0-linux-x64.tar.gz"
url_api = "https://api.github.com/repos/pulumi/pulumi/releases/assets/533637008"
provenance = "cosign"

[tools.pulumi."platforms.macos-arm64"]
checksum = "sha256:33629055fa0f93b2c3f2f159155ff3638443e2a0cc36ea4f4a1faee09c3c5550"
url = "https://github.com/pulumi/pulumi/releases/download/v3.260.0/pulumi-v3.260.0-darwin-arm64.tar.gz"
url_api = "https://api.github.com/repos/pulumi/pulumi/releases/assets/533636791"
provenance = "cosign"

[tools.pulumi."platforms.macos-x64"]
checksum = "sha256:b820b402648fb524dd54349884b744f3bf1894e6aecb10a313e336dc71970aad"
url = "https://github.com/pulumi/pulumi/releases/download/v3.260.0/pulumi-v3.260.0-darwin-x64.tar.gz"
url_api = "https://api.github.com/repos/pulumi/pulumi/releases/assets/533636829"
provenance = "cosign"

[tools.pulumi."platforms.macos-x64-baseline"]
checksum = "sha256:b820b402648fb524dd54349884b744f3bf1894e6aecb10a313e336dc71970aad"
url = "https://github.com/pulumi/pulumi/releases/download/v3.260.0/pulumi-v3.260.0-darwin-x64.tar.gz"
url_api = "https://api.github.com/repos/pulumi/pulumi/releases/assets/533636829"
provenance = "cosign"

[tools.pulumi."platforms.windows-x64"]
checksum = "sha256:b39a377c41a04583ea1f140c2f87ce4db4b9836979d7728714c18ff067dd5367"
url = "https://github.com/pulumi/pulumi/releases/download/v3.260.0/pulumi-v3.260.0-windows-x64.zip"
url_api = "https://api.github.com/repos/pulumi/pulumi/releases/assets/533637250"
provenance = "cosign"

[tools.pulumi."platforms.windows-x64-baseline"]
checksum = "sha256:b39a377c41a04583ea1f140c2f87ce4db4b9836979d7728714c18ff067dd5367"
url = "https://github.com/pulumi/pulumi/releases/download/v3.260.0/pulumi-v3.260.0-windows-x64.zip"
url_api = "https://api.github.com/repos/pulumi/pulumi/releases/assets/533637250"
provenance = "cosign"

[[tools.sops]]
version = "3.13.3"
backend = "aqua:getsops/sops"

[tools.sops."platforms.linux-arm64"]
checksum = "sha256:53b0abacd38ef1b12a66d6c100956691b9cefce018d91f81e73ddf7438b94d77"
url = "https://github.com/getsops/sops/releases/download/v3.13.3/sops-v3.13.3.linux.arm64"
url_api = "https://api.github.com/repos/getsops/sops/releases/assets/486808229"

[tools.sops."platforms.linux-arm64".provenance.slsa]
url = "https://github.com/getsops/sops/releases/download/v3.13.3/sops-v3.13.3.intoto.jsonl"

[tools.sops."platforms.linux-arm64-musl"]
checksum = "sha256:53b0abacd38ef1b12a66d6c100956691b9cefce018d91f81e73ddf7438b94d77"
url = "https://github.com/getsops/sops/releases/download/v3.13.3/sops-v3.13.3.linux.arm64"
url_api = "https://api.github.com/repos/getsops/sops/releases/assets/486808229"

[tools.sops."platforms.linux-arm64-musl".provenance.slsa]
url = "https://github.com/getsops/sops/releases/download/v3.13.3/sops-v3.13.3.intoto.jsonl"

[tools.sops."platforms.linux-x64"]
checksum = "sha256:e5bec3346a873ae91d871550f3e698c1aad962aff462a080e40f25fde17fef6b"
url = "https://github.com/getsops/sops/releases/download/v3.13.3/sops-v3.13.3.linux.amd64"
url_api = "https://api.github.com/repos/getsops/sops/releases/assets/486808201"

[tools.sops."platforms.linux-x64".provenance.slsa]
url = "https://github.com/getsops/sops/releases/download/v3.13.3/sops-v3.13.3.intoto.jsonl"

[tools.sops."platforms.linux-x64-baseline"]
checksum = "sha256:e5bec3346a873ae91d871550f3e698c1aad962aff462a080e40f25fde17fef6b"
url = "https://github.com/getsops/sops/releases/download/v3.13.3/sops-v3.13.3.linux.amd64"
url_api = "https://api.github.com/repos/getsops/sops/releases/assets/486808201"

[tools.sops."platforms.linux-x64-baseline".provenance.slsa]
url = "https://github.com/getsops/sops/releases/download/v3.13.3/sops-v3.13.3.intoto.jsonl"

[tools.sops."platforms.linux-x64-musl"]
checksum = "sha256:e5bec3346a873ae91d871550f3e698c1aad962aff462a080e40f25fde17fef6b"
url = "https://github.com/getsops/sops/releases/download/v3.13.3/sops-v3.13.3.linux.amd64"
url_api = "https://api.github.com/repos/getsops/sops/releases/assets/486808201"

[tools.sops."platforms.linux-x64-musl".provenance.slsa]
url = "https://github.com/getsops/sops/releases/download/v3.13.3/sops-v3.13.3.intoto.jsonl"

[tools.sops."platforms.linux-x64-musl-baseline"]
checksum = "sha256:e5bec3346a873ae91d871550f3e698c1aad962aff462a080e40f25fde17fef6b"
url = "https://github.com/getsops/sops/releases/download/v3.13.3/sops-v3.13.3.linux.amd64"
url_api = "https://api.github.com/repos/getsops/sops/releases/assets/486808201"

[tools.sops."platforms.linux-x64-musl-baseline".provenance.slsa]
url = "https://github.com/getsops/sops/releases/download/v3.13.3/sops-v3.13.3.intoto.jsonl"

[tools.sops."platforms.macos-arm64"]
checksum = "sha256:b97c0d434aab577dc40310e8d22ff9e45eef4c80638ab978daae9b4681c59286"
url = "https://github.com/getsops/sops/releases/download/v3.13.3/sops-v3.13.3.darwin.arm64"
url_api = "https://api.github.com/repos/getsops/sops/releases/assets/486808198"

[tools.sops."platforms.macos-arm64".provenance.slsa]
url = "https://github.com/getsops/sops/releases/download/v3.13.3/sops-v3.13.3.intoto.jsonl"

[tools.sops."platforms.macos-x64"]
checksum = "sha256:42162d5cef10b74fcf80a045a70e658d7ce6e63d6ea1be6f347e44015714468d"
url = "https://github.com/getsops/sops/releases/download/v3.13.3/sops-v3.13.3.darwin.amd64"
url_api = "https://api.github.com/repos/getsops/sops/releases/assets/486808228"

[tools.sops."platforms.macos-x64".provenance.slsa]
url = "https://github.com/getsops/sops/releases/download/v3.13.3/sops-v3.13.3.intoto.jsonl"

[tools.sops."platforms.macos-x64-baseline"]
checksum = "sha256:42162d5cef10b74fcf80a045a70e658d7ce6e63d6ea1be6f347e44015714468d"
url = "https://github.com/getsops/sops/releases/download/v3.13.3/sops-v3.13.3.darwin.amd64"
url_api = "https://api.github.com/repos/getsops/sops/releases/assets/486808228"

[tools.sops."platforms.macos-x64-baseline".provenance.slsa]
url = "https://github.com/getsops/sops/releases/download/v3.13.3/sops-v3.13.3.intoto.jsonl"

[tools.sops."platforms.windows-x64"]
checksum = "sha256:a4a9a398858fe8b2ef72d9686d930bf7c5cece9be74ad83ac3b53cfdd70e6b1c"
url = "https://github.com/getsops/sops/releases/download/v3.13.3/sops-v3.13.3.amd64.exe"
url_api = "https://api.github.com/repos/getsops/sops/releases/assets/486808200"

[tools.sops."platforms.windows-x64".provenance.slsa]
url = "https://github.com/getsops/sops/releases/download/v3.13.3/sops-v3.13.3.intoto.jsonl"

[tools.sops."platforms.windows-x64-baseline"]
checksum = "sha256:a4a9a398858fe8b2ef72d9686d930bf7c5cece9be74ad83ac3b53cfdd70e6b1c"
url = "https://github.com/getsops/sops/releases/download/v3.13.3/sops-v3.13.3.amd64.exe"
url_api = "https://api.github.com/repos/getsops/sops/releases/assets/486808200"

[tools.sops."platforms.windows-x64-baseline".provenance.slsa]
url = "https://github.com/getsops/sops/releases/download/v3.13.3/sops-v3.13.3.intoto.jsonl"

[[tools.yq]]
version = "4.53.6"
backend = "aqua:mikefarah/yq"

[tools.yq."platforms.linux-arm64"]
checksum = "sha256:88a1016bc1d657375a35864e4f44b6f333df8ff97b559f51bba0adcb2169df09"
url = "https://github.com/mikefarah/yq/releases/download/v4.53.6/yq_linux_arm64"
url_api = "https://api.github.com/repos/mikefarah/yq/releases/assets/522028007"
provenance = "cosign"

[tools.yq."platforms.linux-arm64-musl"]
checksum = "sha256:88a1016bc1d657375a35864e4f44b6f333df8ff97b559f51bba0adcb2169df09"
url = "https://github.com/mikefarah/yq/releases/download/v4.53.6/yq_linux_arm64"
url_api = "https://api.github.com/repos/mikefarah/yq/releases/assets/522028007"
provenance = "cosign"

[tools.yq."platforms.linux-x64"]
checksum = "sha256:c5f056448f973ae7d39b5401949648a78f2dc1947d6a8eb65be60d5c504b9385"
url = "https://github.com/mikefarah/yq/releases/download/v4.53.6/yq_linux_amd64"
url_api = "https://api.github.com/repos/mikefarah/yq/releases/assets/522028022"
provenance = "cosign"

[tools.yq."platforms.linux-x64-baseline"]
checksum = "sha256:c5f056448f973ae7d39b5401949648a78f2dc1947d6a8eb65be60d5c504b9385"
url = "https://github.com/mikefarah/yq/releases/download/v4.53.6/yq_linux_amd64"
url_api = "https://api.github.com/repos/mikefarah/yq/releases/assets/522028022"
provenance = "cosign"

[tools.yq."platforms.linux-x64-musl"]
checksum = "sha256:c5f056448f973ae7d39b5401949648a78f2dc1947d6a8eb65be60d5c504b9385"
url = "https://github.com/mikefarah/yq/releases/download/v4.53.6/yq_linux_amd64"
url_api = "https://api.github.com/repos/mikefarah/yq/releases/assets/522028022"
provenance = "cosign"

[tools.yq."platforms.linux-x64-musl-baseline"]
checksum = "sha256:c5f056448f973ae7d39b5401949648a78f2dc1947d6a8eb65be60d5c504b9385"
url = "https://github.com/mikefarah/yq/releases/download/v4.53.6/yq_linux_amd64"
url_api = "https://api.github.com/repos/mikefarah/yq/releases/assets/522028022"
provenance = "cosign"

[tools.yq."platforms.macos-arm64"]
checksum = "sha256:cceb0b8d71ea5294334121f8429f33f92b920e7217d904a2f9f35443968ac424"
url = "https://github.com/mikefarah/yq/releases/download/v4.53.6/yq_darwin_arm64"
url_api = "https://api.github.com/repos/mikefarah/yq/releases/assets/522028033"
provenance = "cosign"

[tools.yq."platforms.macos-x64"]
checksum = "sha256:caa513cb04f3804b34d4752f0e0d7904fecb9e7cf1d34081289f83259319a7f6"
url = "https://github.com/mikefarah/yq/releases/download/v4.53.6/yq_darwin_amd64"
url_api = "https://api.github.com/repos/mikefarah/yq/releases/assets/522028031"
provenance = "cosign"

[tools.yq."platforms.macos-x64-baseline"]
checksum = "sha256:caa513cb04f3804b34d4752f0e0d7904fecb9e7cf1d34081289f83259319a7f6"
url = "https://github.com/mikefarah/yq/releases/download/v4.53.6/yq_darwin_amd64"
url_api = "https://api.github.com/repos/mikefarah/yq/releases/assets/522028031"
provenance = "cosign"

[tools.yq."platforms.windows-x64"]
checksum = "sha256:ece3dd8bb50d39f93610506273ea262feb91e5c486bbddbb10abf91b2a6c0f14"
url = "https://github.com/mikefarah/yq/releases/download/v4.53.6/yq_windows_amd64.exe"
url_api = "https://api.github.com/repos/mikefarah/yq/releases/assets/522027974"
provenance = "cosign"

[tools.yq."platforms.windows-x64-baseline"]
checksum = "sha256:ece3dd8bb50d39f93610506273ea262feb91e5c486bbddbb10abf91b2a6c0f14"
url = "https://github.com/mikefarah/yq/releases/download/v4.53.6/yq_windows_amd64.exe"
url_api = "https://api.github.com/repos/mikefarah/yq/releases/assets/522027974"
provenance = "cosign"
